
Microsoft Visual Studio Solution File, Format Version 12.00
# Visual Studio Version 16
VisualStudioVersion = 16.0.32126.315
MinimumVisualStudioVersion = 10.0.40219.1
Project("{FAE04EC0-301F-11D3-BF4B-00C04F79EFBC}") = "ConsoleApp2", "ConsoleApp2\ConsoleApp2.csproj", "{201A224F-78AE-4381-A126-361B3AB2F4DE}"
EndProject
Global
	GlobalSection(SolutionConfigurationPlatforms) = preSolution
		Debug|Any CPU = Debug|Any CPU
		Release|Any CPU = Release|Any CPU
	EndGlobalSection
	GlobalSection(ProjectConfigurationPlatforms) = postSolution
		{201A224F-78AE-4381-A126-361B3AB2F4DE}.Debug|Any CPU.ActiveCfg = Debug|Any CPU
		{201A224F-78AE-4381-A126-361B3AB2F4DE}.Debug|Any CPU.Build.0 = Debug|Any CPU
		{201A224F-78AE-4381-A126-361B3AB2F4DE}.Release|Any CPU.ActiveCfg = Release|Any CPU
		{201A224F-78AE-4381-A126-361B3AB2F4DE}.Release|Any CPU.Build.0 = Release|Any CPU
	EndGlobalSection
	GlobalSection(SolutionProperties) = preSolution
		HideSolutionNode = FALSE
	EndGlobalSection
	GlobalSection(ExtensibilityGlobals) = postSolution
		SolutionGuid = {9352C714-5A41-4636-93C1-9A9CEE52D139}
	EndGlobalSection
EndGlobal
